
Microsoft Visual Studio Solution File, Format Version 12.00
# Visual Studio Version 17
VisualStudioVersion = 17.0.31903.59
MinimumVisualStudioVersion = 10.0.40219.1
Project("{FAE04EC0-301F-11D3-BF4B-00C04F79EFBC}") = "JogoMimica.UWP", "JogoMimica\JogoMimica.UWP\JogoMimica.UWP.csproj", "{17AC49A3-0E7F-4965-BDA4-B91B397679E6}"
EndProject
Project("{FAE04EC0-301F-11D3-BF4B-00C04F79EFBC}") = "JogoMimica.Android", "JogoMimica\JogoMimica.Android\JogoMimica.Android.csproj", "{A8E309FE-2D06-4A68-876A-D8C026F748B2}"
EndProject
Project("{FAE04EC0-301F-11D3-BF4B-00C04F79EFBC}") = "JogoMimica.iOS", "JogoMimica\JogoMimica.iOS\JogoMimica.iOS.csproj", "{A97715E5-3496-42BF-A021-15BB9EA0BFFB}"
EndProject
Project("{FAE04EC0-301F-11D3-BF4B-00C04F79EFBC}") = "JogoMimica", "JogoMimica\JogoMimica\JogoMimica.csproj", "{237E9A58-A69B-4433-AA46-7CBC852231EC}"
EndProject
Global
	GlobalSection(SolutionConfigurationPlatforms) = preSolution
		Debug|Any CPU = Debug|Any CPU
		Debug|ARM = Debug|ARM
		Debug|iPhone = Debug|iPhone
		Debug|iPhoneSimulator = Debug|iPhoneSimulator
		Debug|x64 = Debug|x64
		Debug|x86 = Debug|x86
		Release|Any CPU = Release|Any CPU
		Release|ARM = Release|ARM
		Release|iPhone = Release|iPhone
		Release|iPhoneSimulator = Release|iPhoneSimulator
		Release|x64 = Release|x64
		Release|x86 = Release|x86
	EndGlobalSection
	GlobalSection(ProjectConfigurationPlatforms) = postSolution
		{17AC49A3-0E7F-4965-BDA4-B91B397679E6}.Debug|Any CPU.ActiveCfg = Debug|x64
		{17AC49A3-0E7F-4965-BDA4-B91B397679E6}.Debug|Any CPU.Build.0 = Debug|x64
		{17AC49A3-0E7F-4965-BDA4-B91B397679E6}.Debug|Any CPU.Deploy.0 = Debug|x64
		{17AC49A3-0E7F-4965-BDA4-B91B397679E6}.Debug|ARM.ActiveCfg = Debug|ARM
		{17AC49A3-0E7F-4965-BDA4-B91B397679E6}.Debug|ARM.Build.0 = Debug|ARM
		{17AC49A3-0E7F-4965-BDA4-B91B397679E6}.Debug|ARM.Deploy.0 = Debug|ARM
		{17AC49A3-0E7F-4965-BDA4-B91B397679E6}.Debug|iPhone.ActiveCfg = Debug|x64
		{17AC49A3-0E7F-4965-BDA4-B91B397679E6}.Debug|iPhone.Build.0 = Debug|x64
		{17AC49A3-0E7F-4965-BDA4-B91B397679E6}.Debug|iPhone.Deploy.0 = Debug|x64
		{17AC49A3-0E7F-4965-BDA4-B91B397679E6}.Debug|iPhoneSimulator.ActiveCfg = Debug|x64
		{17AC49A3-0E7F-4965-BDA4-B91B397679E6}.Debug|iPhoneSimulator.Build.0 = Debug|x64
		{17AC49A3-0E7F-4965-BDA4-B91B397679E6}.Debug|iPhoneSimulator.Deploy.0 = Debug|x64
		{17AC49A3-0E7F-4965-BDA4-B91B397679E6}.Debug|x64.ActiveCfg = Debug|x64
		{17AC49A3-0E7F-4965-BDA4-B91B397679E6}.Debug|x64.Build.0 = Debug|x64
		{17AC49A3-0E7F-4965-BDA4-B91B397679E6}.Debug|x64.Deploy.0 = Debug|x64
		{17AC49A3-0E7F-4965-BDA4-B91B397679E6}.Debug|x86.ActiveCfg = Debug|x86
		{17AC49A3-0E7F-4965-BDA4-B91B397679E6}.Debug|x86.Build.0 = Debug|x86
		{17AC49A3-0E7F-4965-BDA4-B91B397679E6}.Debug|x86.Deploy.0 = Debug|x86
		{17AC49A3-0E7F-4965-BDA4-B91B397679E6}.Release|Any CPU.ActiveCfg = Release|x64
		{17AC49A3-0E7F-4965-BDA4-B91B397679E6}.Release|Any CPU.Build.0 = Release|x64
		{17AC49A3-0E7F-4965-BDA4-B91B397679E6}.Release|Any CPU.Deploy.0 = Release|x64
		{17AC49A3-0E7F-4965-BDA4-B91B397679E6}.Release|ARM.ActiveCfg = Release|ARM
		{17AC49A3-0E7F-4965-BDA4-B91B397679E6}.Release|ARM.Build.0 = Release|ARM
		{17AC49A3-0E7F-4965-BDA4-B91B397679E6}.Release|ARM.Deploy.0 = Release|ARM
		{17AC49A3-0E7F-4965-BDA4-B91B397679E6}.Release|iPhone.ActiveCfg = Release|x64
		{17AC49A3-0E7F-4965-BDA4-B91B397679E6}.Release|iPhone.Build.0 = Release|x64
		{17AC49A3-0E7F-4965-BDA4-B91B397679E6}.Release|iPhone.Deploy.0 = Release|x64
		{17AC49A3-0E7F-4965-BDA4-B91B397679E6}.Release|iPhoneSimulator.ActiveCfg = Release|x64
		{17AC49A3-0E7F-4965-BDA4-B91B397679E6}.Release|iPhoneSimulator.Build.0 = Release|x64
		{17AC49A3-0E7F-4965-BDA4-B91B397679E6}.Release|iPhoneSimulator.Deploy.0 = Release|x64
		{17AC49A3-0E7F-4965-BDA4-B91B397679E6}.Release|x64.ActiveCfg = Release|x64
		{17AC49A3-0E7F-4965-BDA4-B91B397679E6}.Release|x64.Build.0 = Release|x64
		{17AC49A3-0E7F-4965-BDA4-B91B397679E6}.Release|x64.Deploy.0 = Release|x64
		{17AC49A3-0E7F-4965-BDA4-B91B397679E6}.Release|x86.ActiveCfg = Release|x86
		{17AC49A3-0E7F-4965-BDA4-B91B397679E6}.Release|x86.Build.0 = Release|x86
		{17AC49A3-0E7F-4965-BDA4-B91B397679E6}.Release|x86.Deploy.0 = Release|x86
		{A8E309FE-2D06-4A68-876A-D8C026F748B2}.Debug|Any CPU.ActiveCfg = Debug|Any CPU
		{A8E309FE-2D06-4A68-876A-D8C026F748B2}.Debug|Any CPU.Build.0 = Debug|Any CPU
		{A8E309FE-2D06-4A68-876A-D8C026F748B2}.Debug|Any CPU.Deploy.0 = Debug|Any CPU
		{A8E309FE-2D06-4A68-876A-D8C026F748B2}.Debug|ARM.ActiveCfg = Debug|Any CPU
		{A8E309FE-2D06-4A68-876A-D8C026F748B2}.Debug|ARM.Build.0 = Debug|Any CPU
		{A8E309FE-2D06-4A68-876A-D8C026F748B2}.Debug|ARM.Deploy.0 = Debug|Any CPU
		{A8E309FE-2D06-4A68-876A-D8C026F748B2}.Debug|iPhone.ActiveCfg = Debug|Any CPU
		{A8E309FE-2D06-4A68-876A-D8C026F748B2}.Debug|iPhone.Build.0 = Debug|Any CPU
		{A8E309FE-2D06-4A68-876A-D8C026F748B2}.Debug|iPhone.Deploy.0 = Debug|Any CPU
		{A8E309FE-2D06-4A68-876A-D8C026F748B2}.Debug|iPhoneSimulator.ActiveCfg = Debug|Any CPU
		{A8E309FE-2D06-4A68-876A-D8C026F748B2}.Debug|iPhoneSimulator.Build.0 = Debug|Any CPU
		{A8E309FE-2D06-4A68-876A-D8C026F748B2}.Debug|iPhoneSimulator.Deploy.0 = Debug|Any CPU
		{A8E309FE-2D06-4A68-876A-D8C026F748B2}.Debug|x64.ActiveCfg = Debug|Any CPU
		{A8E309FE-2D06-4A68-876A-D8C026F748B2}.Debug|x64.Build.0 = Debug|Any CPU
		{A8E309FE-2D06-4A68-876A-D8C026F748B2}.Debug|x64.Deploy.0 = Debug|Any CPU
		{A8E309FE-2D06-4A68-876A-D8C026F748B2}.Debug|x86.ActiveCfg = Debug|Any CPU
		{A8E309FE-2D06-4A68-876A-D8C026F748B2}.Debug|x86.Build.0 = Debug|Any CPU
		{A8E309FE-2D06-4A68-876A-D8C026F748B2}.Debug|x86.Deploy.0 = Debug|Any CPU
		{A8E309FE-2D06-4A68-876A-D8C026F748B2}.Release|Any CPU.ActiveCfg = Release|Any CPU
		{A8E309FE-2D06-4A68-876A-D8C026F748B2}.Release|Any CPU.Build.0 = Release|Any CPU
		{A8E309FE-2D06-4A68-876A-D8C026F748B2}.Release|Any CPU.Deploy.0 = Release|Any CPU
		{A8E309FE-2D06-4A68-876A-D8C026F748B2}.Release|ARM.ActiveCfg = Release|Any CPU
		{A8E309FE-2D06-4A68-876A-D8C026F748B2}.Release|ARM.Build.0 = Release|Any CPU
		{A8E309FE-2D06-4A68-876A-D8C026F748B2}.Release|ARM.Deploy.0 = Release|Any CPU
		{A8E309FE-2D06-4A68-876A-D8C026F748B2}.Release|iPhone.ActiveCfg = Release|Any CPU
		{A8E309FE-2D06-4A68-876A-D8C026F748B2}.Release|iPhone.Build.0 = Release|Any CPU
		{A8E309FE-2D06-4A68-876A-D8C026F748B2}.Release|iPhone.Deploy.0 = Release|Any CPU
		{A8E309FE-2D06-4A68-876A-D8C026F748B2}.Release|iPhoneSimulator.ActiveCfg = Release|Any CPU
		{A8E309FE-2D06-4A68-876A-D8C026F748B2}.Release|iPhoneSimulator.Build.0 = Release|Any CPU
		{A8E309FE-2D06-4A68-876A-D8C026F748B2}.Release|iPhoneSimulator.Deploy.0 = Release|Any CPU
		{A8E309FE-2D06-4A68-876A-D8C026F748B2}.Release|x64.ActiveCfg = Release|Any CPU
		{A8E309FE-2D06-4A68-876A-D8C026F748B2}.Release|x64.Build.0 = Release|Any CPU
		{A8E309FE-2D06-4A68-876A-D8C026F748B2}.Release|x64.Deploy.0 = Release|Any CPU
		{A8E309FE-2D06-4A68-876A-D8C026F748B2}.Release|x86.ActiveCfg = Release|Any CPU
		{A8E309FE-2D06-4A68-876A-D8C026F748B2}.Release|x86.Build.0 = Release|Any CPU
		{A8E309FE-2D06-4A68-876A-D8C026F748B2}.Release|x86.Deploy.0 = Release|Any CPU
		{A97715E5-3496-42BF-A021-15BB9EA0BFFB}.Debug|Any CPU.ActiveCfg = Debug|iPhoneSimulator
		{A97715E5-3496-42BF-A021-15BB9EA0BFFB}.Debug|Any CPU.Build.0 = Debug|iPhoneSimulator
		{A97715E5-3496-42BF-A021-15BB9EA0BFFB}.Debug|Any CPU.Deploy.0 = Debug|iPhoneSimulator
		{A97715E5-3496-42BF-A021-15BB9EA0BFFB}.Debug|ARM.ActiveCfg = Debug|iPhoneSimulator
		{A97715E5-3496-42BF-A021-15BB9EA0BFFB}.Debug|ARM.Build.0 = Debug|iPhoneSimulator
		{A97715E5-3496-42BF-A021-15BB9EA0BFFB}.Debug|ARM.Deploy.0 = Debug|iPhoneSimulator
		{A97715E5-3496-42BF-A021-15BB9EA0BFFB}.Debug|iPhone.ActiveCfg = Debug|iPhone
		{A97715E5-3496-42BF-A021-15BB9EA0BFFB}.Debug|iPhone.Build.0 = Debug|iPhone
		{A97715E5-3496-42BF-A021-15BB9EA0BFFB}.Debug|iPhone.Deploy.0 = Debug|iPhone
		{A97715E5-3496-42BF-A021-15BB9EA0BFFB}.Debug|iPhoneSimulator.ActiveCfg = Debug|iPhoneSimulator
		{A97715E5-3496-42BF-A021-15BB9EA0BFFB}.Debug|iPhoneSimulator.Build.0 = Debug|iPhoneSimulator
		{A97715E5-3496-42BF-A021-15BB9EA0BFFB}.Debug|iPhoneSimulator.Deploy.0 = Debug|iPhoneSimulator
		{A97715E5-3496-42BF-A021-15BB9EA0BFFB}.Debug|x64.ActiveCfg = Debug|iPhone
		{A97715E5-3496-42BF-A021-15BB9EA0BFFB}.Debug|x64.Build.0 = Debug|iPhone
		{A97715E5-3496-42BF-A021-15BB9EA0BFFB}.Debug|x64.Deploy.0 = Debug|iPhone
		{A97715E5-3496-42BF-A021-15BB9EA0BFFB}.Debug|x86.ActiveCfg = Debug|iPhoneSimulator
		{A97715E5-3496-42BF-A021-15BB9EA0BFFB}.Debug|x86.Build.0 = Debug|iPhoneSimulator
		{A97715E5-3496-42BF-A021-15BB9EA0BFFB}.Debug|x86.Deploy.0 = Debug|iPhoneSimulator
		{A97715E5-3496-42BF-A021-15BB9EA0BFFB}.Release|Any CPU.ActiveCfg = Release|iPhoneSimulator
		{A97715E5-3496-42BF-A021-15BB9EA0BFFB}.Release|Any CPU.Build.0 = Release|iPhoneSimulator
		{A97715E5-3496-42BF-A021-15BB9EA0BFFB}.Release|Any CPU.Deploy.0 = Release|iPhoneSimulator
		{A97715E5-3496-42BF-A021-15BB9EA0BFFB}.Release|ARM.ActiveCfg = Release|iPhoneSimulator
		{A97715E5-3496-42BF-A021-15BB9EA0BFFB}.Release|ARM.Build.0 = Release|iPhoneSimulator
		{A97715E5-3496-42BF-A021-15BB9EA0BFFB}.Release|ARM.Deploy.0 = Release|iPhoneSimulator
		{A97715E5-3496-42BF-A021-15BB9EA0BFFB}.Release|iPhone.ActiveCfg = Release|iPhone
		{A97715E5-3496-42BF-A021-15BB9EA0BFFB}.Release|iPhone.Build.0 = Release|iPhone
		{A97715E5-3496-42BF-A021-15BB9EA0BFFB}.Release|iPhone.Deploy.0 = Release|iPhone
		{A97715E5-3496-42BF-A021-15BB9EA0BFFB}.Release|iPhoneSimulator.ActiveCfg = Release|iPhoneSimulator
		{A97715E5-3496-42BF-A021-15BB9EA0BFFB}.Release|iPhoneSimulator.Build.0 = Release|iPhoneSimulator
		{A97715E5-3496-42BF-A021-15BB9EA0BFFB}.Release|iPhoneSimulator.Deploy.0 = Release|iPhoneSimulator
		{A97715E5-3496-42BF-A021-15BB9EA0BFFB}.Release|x64.ActiveCfg = Release|iPhoneSimulator
		{A97715E5-3496-42BF-A021-15BB9EA0BFFB}.Release|x64.Build.0 = Release|iPhoneSimulator
		{A97715E5-3496-42BF-A021-15BB9EA0BFFB}.Release|x64.Deploy.0 = Release|iPhoneSimulator
		{A97715E5-3496-42BF-A021-15BB9EA0BFFB}.Release|x86.ActiveCfg = Release|iPhoneSimulator
		{A97715E5-3496-42BF-A021-15BB9EA0BFFB}.Release|x86.Build.0 = Release|iPhoneSimulator
		{A97715E5-3496-42BF-A021-15BB9EA0BFFB}.Release|x86.Deploy.0 = Release|iPhoneSimulator
		{237E9A58-A69B-4433-AA46-7CBC852231EC}.Debug|Any CPU.ActiveCfg = Debug|Any CPU
		{237E9A58-A69B-4433-AA46-7CBC852231EC}.Debug|Any CPU.Build.0 = Debug|Any CPU
		{237E9A58-A69B-4433-AA46-7CBC852231EC}.Debug|Any CPU.Deploy.0 = Debug|Any CPU
		{237E9A58-A69B-4433-AA46-7CBC852231EC}.Debug|ARM.ActiveCfg = Debug|Any CPU
		{237E9A58-A69B-4433-AA46-7CBC852231EC}.Debug|ARM.Build.0 = Debug|Any CPU
		{237E9A58-A69B-4433-AA46-7CBC852231EC}.Debug|ARM.Deploy.0 = Debug|Any CPU
		{237E9A58-A69B-4433-AA46-7CBC852231EC}.Debug|iPhone.ActiveCfg = Debug|Any CPU
		{237E9A58-A69B-4433-AA46-7CBC852231EC}.Debug|iPhone.Build.0 = Debug|Any CPU
		{237E9A58-A69B-4433-AA46-7CBC852231EC}.Debug|iPhone.Deploy.0 = Debug|Any CPU
		{237E9A58-A69B-4433-AA46-7CBC852231EC}.Debug|iPhoneSimulator.ActiveCfg = Debug|Any CPU
		{237E9A58-A69B-4433-AA46-7CBC852231EC}.Debug|iPhoneSimulator.Build.0 = Debug|Any CPU
		{237E9A58-A69B-4433-AA46-7CBC852231EC}.Debug|iPhoneSimulator.Deploy.0 = Debug|Any CPU
		{237E9A58-A69B-4433-AA46-7CBC852231EC}.Debug|x64.ActiveCfg = Debug|Any CPU
		{237E9A58-A69B-4433-AA46-7CBC852231EC}.Debug|x64.Build.0 = Debug|Any CPU
		{237E9A58-A69B-4433-AA46-7CBC852231EC}.Debug|x64.Deploy.0 = Debug|Any CPU
		{237E9A58-A69B-4433-AA46-7CBC852231EC}.Debug|x86.ActiveCfg = Debug|Any CPU
		{237E9A58-A69B-4433-AA46-7CBC852231EC}.Debug|x86.Build.0 = Debug|Any CPU
		{237E9A58-A69B-4433-AA46-7CBC852231EC}.Debug|x86.Deploy.0 = Debug|Any CPU
		{237E9A58-A69B-4433-AA46-7CBC852231EC}.Release|Any CPU.ActiveCfg = Release|Any CPU
		{237E9A58-A69B-4433-AA46-7CBC852231EC}.Release|Any CPU.Build.0 = Release|Any CPU
		{237E9A58-A69B-4433-AA46-7CBC852231EC}.Release|Any CPU.Deploy.0 = Release|Any CPU
		{237E9A58-A69B-4433-AA46-7CBC852231EC}.Release|ARM.ActiveCfg = Release|Any CPU
		{237E9A58-A69B-4433-AA46-7CBC852231EC}.Release|ARM.Build.0 = Release|Any CPU
		{237E9A58-A69B-4433-AA46-7CBC852231EC}.Release|ARM.Deploy.0 = Release|Any CPU
		{237E9A58-A69B-4433-AA46-7CBC852231EC}.Release|iPhone.ActiveCfg = Release|Any CPU
		{237E9A58-A69B-4433-AA46-7CBC852231EC}.Release|iPhone.Build.0 = Release|Any CPU
		{237E9A58-A69B-4433-AA46-7CBC852231EC}.Release|iPhone.Deploy.0 = Release|Any CPU
		{237E9A58-A69B-4433-AA46-7CBC852231EC}.Release|iPhoneSimulator.ActiveCfg = Release|Any CPU
		{237E9A58-A69B-4433-AA46-7CBC852231EC}.Release|iPhoneSimulator.Build.0 = Release|Any CPU
		{237E9A58-A69B-4433-AA46-7CBC852231EC}.Release|iPhoneSimulator.Deploy.0 = Release|Any CPU
		{237E9A58-A69B-4433-AA46-7CBC852231EC}.Release|x64.ActiveCfg = Release|Any CPU
		{237E9A58-A69B-4433-AA46-7CBC852231EC}.Release|x64.Build.0 = Release|Any CPU
		{237E9A58-A69B-4433-AA46-7CBC852231EC}.Release|x64.Deploy.0 = Release|Any CPU
		{237E9A58-A69B-4433-AA46-7CBC852231EC}.Release|x86.ActiveCfg = Release|Any CPU
		{237E9A58-A69B-4433-AA46-7CBC852231EC}.Release|x86.Build.0 = Release|Any CPU
		{237E9A58-A69B-4433-AA46-7CBC852231EC}.Release|x86.Deploy.0 = Release|Any CPU
	EndGlobalSection
	GlobalSection(SolutionProperties) = preSolution
		HideSolutionNode = FALSE
	EndGlobalSection
	GlobalSection(ExtensibilityGlobals) = postSolution
		SolutionGuid = {6F27195A-20EF-449A-B100-E2C53C783785}
	EndGlobalSection
EndGlobal
